PODS:
  - desktop_screenstate (0.0.1):
    - FlutterMacOS
  - FlutterMacOS (1.0.0)

DEPENDENCIES:
  - desktop_screenstate (from `Flutter/ephemeral/.symlinks/plugins/desktop_screenstate/macos`)
  - FlutterMacOS (from `Flutter/ephemeral`)

EXTERNAL SOURCES:
  desktop_screenstate:
    :path: Flutter/ephemeral/.symlinks/plugins/desktop_screenstate/macos
  FlutterMacOS:
    :path: Flutter/ephemeral

SPEC CHECKSUMS:
  desktop_screenstate: 17d7193341cb118357ace5e17c03d3ee138f1e89
  FlutterMacOS: 8f6f14fa908a6fb3fba0cd85dbd81ec4b251fb24

PODFILE CHECKSUM: 505596d150d38022472859d890f709281982e016

COCOAPODS: 1.15.0
