PODS:
  - desktop_screenstate (0.0.1):
    - FlutterMacOS
  - FlutterMacOS (1.0.0)

DEPENDENCIES:
  - desktop_screenstate (from `Flutter/ephemeral/.symlinks/plugins/desktop_screenstate/macos`)
  - FlutterMacOS (from `Flutter/ephemeral`)

EXTERNAL SOURCES:
  desktop_screenstate:
    :path: Flutter/ephemeral/.symlinks/plugins/desktop_screenstate/macos
  FlutterMacOS:
    :path: Flutter/ephemeral

SPEC CHECKSUMS:
  desktop_screenstate: f3fe656a8aaf9ef3fe94f54318e88b8d6d5e800c
  FlutterMacOS: 8f6f14fa908a6fb3fba0cd85dbd81ec4b251fb24

PODFILE CHECKSUM: 505596d150d38022472859d890f709281982e016

COCOAPODS: 1.16.2
